
Microsoft Visual Studio Solution File, Format Version 12.00
# Visual Studio Version 17
VisualStudioVersion = 17.7.34221.43
MinimumVisualStudioVersion = 10.0.40219.1
Project("{FAE04EC0-301F-11D3-BF4B-00C04F79EFBC}") = "ConsoleApp11", "ConsoleApp11\ConsoleApp11.csproj", "{5E544667-1A90-4274-B81B-19540F70D48C}"
EndProject
Global
	GlobalSection(SolutionConfigurationPlatforms) = preSolution
		Debug|Any CPU = Debug|Any CPU
		Release|Any CPU = Release|Any CPU
	EndGlobalSection
	GlobalSection(ProjectConfigurationPlatforms) = postSolution
		{5E544667-1A90-4274-B81B-19540F70D48C}.Debug|Any CPU.ActiveCfg = Debug|Any CPU
		{5E544667-1A90-4274-B81B-19540F70D48C}.Debug|Any CPU.Build.0 = Debug|Any CPU
		{5E544667-1A90-4274-B81B-19540F70D48C}.Release|Any CPU.ActiveCfg = Release|Any CPU
		{5E544667-1A90-4274-B81B-19540F70D48C}.Release|Any CPU.Build.0 = Release|Any CPU
	EndGlobalSection
	GlobalSection(SolutionProperties) = preSolution
		HideSolutionNode = FALSE
	EndGlobalSection
	GlobalSection(ExtensibilityGlobals) = postSolution
		SolutionGuid = {12D41082-E97E-4730-8686-ACCC75536CB6}
	EndGlobalSection
EndGlobal
